// !$*UTF8*$!
{
	archiveVersion = 1;
	classes = {
	};
	objectVersion = 56;
	objects = {

/* Begin PBXBuildFile section */
		48C2727C2BECBA6C00FEF91B /* world-low.svg in Resources */ = {isa = PBXBuildFile; fileRef = 48C2727B2BECBA6C00FEF91B /* world-low.svg */; };
		48C272B42BECC30700FEF91B /* Alamofire in Frameworks */ = {isa = PBXBuildFile; productRef = 48C272B32BECC30700FEF91B /* Alamofire */; };
		48C272C52BEF46E500FEF91B /* TravelMapAndDiaryView.swift in Sources */ = {isa = PBXBuildFile; fileRef = 48C272C42BEF46E500FEF91B /* TravelMapAndDiaryView.swift */; };
		48CF618E2BEA99B100691E2A /* RoamerApp.swift in Sources */ = {isa = PBXBuildFile; fileRef = 48CF618D2BEA99B100691E2A /* RoamerApp.swift */; };
		48CF61902BEA99B100691E2A /* ContentView.swift in Sources */ = {isa = PBXBuildFile; fileRef = 48CF618F2BEA99B100691E2A /* ContentView.swift */; };
		48CF61922BEA99B300691E2A /* Assets.xcassets in Resources */ = {isa = PBXBuildFile; fileRef = 48CF61912BEA99B300691E2A /* Assets.xcassets */; };
		48CF61952BEA99B300691E2A /* Preview Assets.xcassets in Resources */ = {isa = PBXBuildFile; fileRef = 48CF61942BEA99B300691E2A /* Preview Assets.xcassets */; };
		48CF619D2BEA9A4F00691E2A /* InteractiveMap in Frameworks */ = {isa = PBXBuildFile; productRef = 48CF619C2BEA9A4F00691E2A /* InteractiveMap */; };
		48CF61A32BEA9B5500691E2A /* CountryRepository.swift in Sources */ = {isa = PBXBuildFile; fileRef = 48CF61A22BEA9B5500691E2A /* CountryRepository.swift */; };
		48CF61AA2BEA9E0100691E2A /* ViewModel.swift in Sources */ = {isa = PBXBuildFile; fileRef = 48CF61A92BEA9E0100691E2A /* ViewModel.swift */; };
		48FAE5DA2BFCA5740041462D /* LoginView.swift in Sources */ = {isa = PBXBuildFile; fileRef = 48FAE5D92BFCA5740041462D /* LoginView.swift */; };
		48FAE5DC2BFCA74C0041462D /* InputView.swift in Sources */ = {isa = PBXBuildFile; fileRef = 48FAE5DB2BFCA74C0041462D /* InputView.swift */; };
		48FAE5DE2BFCAC9E0041462D /* RegistrationView.swift in Sources */ = {isa = PBXBuildFile; fileRef = 48FAE5DD2BFCAC9E0041462D /* RegistrationView.swift */; };
		48FAE5E02BFCB0AC0041462D /* ProfileView.swift in Sources */ = {isa = PBXBuildFile; fileRef = 48FAE5DF2BFCB0AC0041462D /* ProfileView.swift */; };
		48FAE5E22BFCD5550041462D /* User.swift in Sources */ = {isa = PBXBuildFile; fileRef = 48FAE5E12BFCD5550041462D /* User.swift */; };
		48FAE5E42BFCD9A90041462D /* GoogleService-Info.plist in Resources */ = {isa = PBXBuildFile; fileRef = 48FAE5E32BFCD9A90041462D /* GoogleService-Info.plist */; };
		48FAE5E72BFCE90A0041462D /* FirebaseAuth in Frameworks */ = {isa = PBXBuildFile; productRef = 48FAE5E62BFCE90A0041462D /* FirebaseAuth */; };
		48FAE5E92BFCE90A0041462D /* FirebaseFirestore in Frameworks */ = {isa = PBXBuildFile; productRef = 48FAE5E82BFCE90A0041462D /* FirebaseFirestore */; };
		48FAE5EB2BFCE90A0041462D /* FirebaseFirestoreSwift in Frameworks */ = {isa = PBXBuildFile; productRef = 48FAE5EA2BFCE90A0041462D /* FirebaseFirestoreSwift */; };
		48FAE5ED2BFCE90A0041462D /* FirebaseStorage in Frameworks */ = {isa = PBXBuildFile; productRef = 48FAE5EC2BFCE90A0041462D /* FirebaseStorage */; };
		48FAE5EF2BFCEADC0041462D /* AuthViewModel.swift in Sources */ = {isa = PBXBuildFile; fileRef = 48FAE5EE2BFCEADC0041462D /* AuthViewModel.swift */; };
/* End PBXBuildFile section */

/* Begin PBXCopyFilesBuildPhase section */
		48C272AB2BECC27C00FEF91B /* Embed Frameworks */ = {
			isa = PBXCopyFilesBuildPhase;
			buildActionMask = 2147483647;
			dstPath = "";
			dstSubfolderSpec = 10;
			files = (
			);
			name = "Embed Frameworks";
			runOnlyForDeploymentPostprocessing = 0;
		};
/* End PBXCopyFilesBuildPhase section */

/* Begin PBXFileReference section */
		48C272782BECB92900FEF91B /* ApiCall.swift */ = {isa = PBXFileReference; lastKnownFileType = sourcecode.swift; path = ApiCall.swift; sourceTree = "<group>"; };
		48C2727B2BECBA6C00FEF91B /* world-low.svg */ = {isa = PBXFileReference; fileEncoding = 4; lastKnownFileType = text.xml; name = "world-low.svg"; path = "../../../../Downloads/world-low.svg"; sourceTree = "<group>"; };
		48C272C42BEF46E500FEF91B /* TravelMapAndDiaryView.swift */ = {isa = PBXFileReference; lastKnownFileType = sourcecode.swift; path = TravelMapAndDiaryView.swift; sourceTree = "<group>"; };
		48CF618A2BEA99B100691E2A /* Roamer.app */ = {isa = PBXFileReference; explicitFileType = wrapper.application; includeInIndex = 0; path = Roamer.app; sourceTree = BUILT_PRODUCTS_DIR; };
		48CF618D2BEA99B100691E2A /* RoamerApp.swift */ = {isa = PBXFileReference; lastKnownFileType = sourcecode.swift; path = RoamerApp.swift; sourceTree = "<group>"; };
		48CF618F2BEA99B100691E2A /* ContentView.swift */ = {isa = PBXFileReference; lastKnownFileType = sourcecode.swift; path = ContentView.swift; sourceTree = "<group>"; };
		48CF61912BEA99B300691E2A /* Assets.xcassets */ = {isa = PBXFileReference; lastKnownFileType = folder.assetcatalog; path = Assets.xcassets; sourceTree = "<group>"; };
		48CF61942BEA99B300691E2A /* Preview Assets.xcassets */ = {isa = PBXFileReference; lastKnownFileType = folder.assetcatalog; path = "Preview Assets.xcassets"; sourceTree = "<group>"; };
		48CF61A22BEA9B5500691E2A /* CountryRepository.swift */ = {isa = PBXFileReference; lastKnownFileType = sourcecode.swift; path = CountryRepository.swift; sourceTree = "<group>"; };
		48CF61A92BEA9E0100691E2A /* ViewModel.swift */ = {isa = PBXFileReference; lastKnownFileType = sourcecode.swift; path = ViewModel.swift; sourceTree = "<group>"; };
		48FAE5D92BFCA5740041462D /* LoginView.swift */ = {isa = PBXFileReference; lastKnownFileType = sourcecode.swift; path = LoginView.swift; sourceTree = "<group>"; };
		48FAE5DB2BFCA74C0041462D /* InputView.swift */ = {isa = PBXFileReference; lastKnownFileType = sourcecode.swift; path = InputView.swift; sourceTree = "<group>"; };
		48FAE5DD2BFCAC9E0041462D /* RegistrationView.swift */ = {isa = PBXFileReference; lastKnownFileType = sourcecode.swift; path = RegistrationView.swift; sourceTree = "<group>"; };
		48FAE5DF2BFCB0AC0041462D /* ProfileView.swift */ = {isa = PBXFileReference; lastKnownFileType = sourcecode.swift; path = ProfileView.swift; sourceTree = "<group>"; };
		48FAE5E12BFCD5550041462D /* User.swift */ = {isa = PBXFileReference; lastKnownFileType = sourcecode.swift; path = User.swift; sourceTree = "<group>"; };
		48FAE5E32BFCD9A90041462D /* GoogleService-Info.plist */ = {isa = PBXFileReference; fileEncoding = 4; lastKnownFileType = text.plist.xml; path = "GoogleService-Info.plist"; sourceTree = "<group>"; };
		48FAE5EE2BFCEADC0041462D /* AuthViewModel.swift */ = {isa = PBXFileReference; lastKnownFileType = sourcecode.swift; path = AuthViewModel.swift; sourceTree = "<group>"; };
/* End PBXFileReference section */

/* Begin PBXFrameworksBuildPhase section */
		48CF61872BEA99B100691E2A /* Frameworks */ = {
			isa = PBXFrameworksBuildPhase;
			buildActionMask = 2147483647;
			files = (
				48FAE5EB2BFCE90A0041462D /* FirebaseFirestoreSwift in Frameworks */,
				48CF619D2BEA9A4F00691E2A /* InteractiveMap in Frameworks */,
				48FAE5E92BFCE90A0041462D /* FirebaseFirestore in Frameworks */,
				48FAE5E72BFCE90A0041462D /* FirebaseAuth in Frameworks */,
				48C272B42BECC30700FEF91B /* Alamofire in Frameworks */,
				48FAE5ED2BFCE90A0041462D /* FirebaseStorage in Frameworks */,
			);
			runOnlyForDeploymentPostprocessing = 0;
		};
/* End PBXFrameworksBuildPhase section */

/* Begin PBXGroup section */
		48C272742BECB86C00FEF91B /* Features */ = {
			isa = PBXGroup;
			children = (
				48FAE5D82BFCA4790041462D /* Authentication */,
				48C272822BECBAF300FEF91B /* CountriesList */,
				48C2727E2BECBAB800FEF91B /* Flights */,
				48C2727D2BECBA9500FEF91B /* TravelDiary */,
				48C272772BECB8B200FEF91B /* TravelMapAndDiaryList */,
			);
			path = Features;
			sourceTree = "<group>";
		};
		48C272752BECB89200FEF91B /* Helpers */ = {
			isa = PBXGroup;
			children = (
				48CF61A22BEA9B5500691E2A /* CountryRepository.swift */,
				48C272782BECB92900FEF91B /* ApiCall.swift */,
			);
			path = Helpers;
			sourceTree = "<group>";
		};
		48C272762BECB89900FEF91B /* SupportingFiles */ = {
			isa = PBXGroup;
			children = (
			);
			path = SupportingFiles;
			sourceTree = "<group>";
		};
		48C272772BECB8B200FEF91B /* TravelMapAndDiaryList */ = {
			isa = PBXGroup;
			children = (
				48C272812BECBADB00FEF91B /* Models */,
				48C272802BECBAD400FEF91B /* ViewModel */,
				48C2727F2BECBAC800FEF91B /* Views */,
			);
			path = TravelMapAndDiaryList;
			sourceTree = "<group>";
		};
		48C2727D2BECBA9500FEF91B /* TravelDiary */ = {
			isa = PBXGroup;
			children = (
			);
			path = TravelDiary;
			sourceTree = "<group>";
		};
		48C2727E2BECBAB800FEF91B /* Flights */ = {
			isa = PBXGroup;
			children = (
			);
			path = Flights;
			sourceTree = "<group>";
		};
		48C2727F2BECBAC800FEF91B /* Views */ = {
			isa = PBXGroup;
			children = (
				48C272C42BEF46E500FEF91B /* TravelMapAndDiaryView.swift */,
			);
			path = Views;
			sourceTree = "<group>";
		};
		48C272802BECBAD400FEF91B /* ViewModel */ = {
			isa = PBXGroup;
			children = (
				48CF61A92BEA9E0100691E2A /* ViewModel.swift */,
			);
			path = ViewModel;
			sourceTree = "<group>";
		};
		48C272812BECBADB00FEF91B /* Models */ = {
			isa = PBXGroup;
			children = (
			);
			path = Models;
			sourceTree = "<group>";
		};
		48C272822BECBAF300FEF91B /* CountriesList */ = {
			isa = PBXGroup;
			children = (
			);
			path = CountriesList;
			sourceTree = "<group>";
		};
		48CF61812BEA99B100691E2A = {
			isa = PBXGroup;
			children = (
				48CF618C2BEA99B100691E2A /* Roamer */,
				48CF618B2BEA99B100691E2A /* Products */,
			);
			sourceTree = "<group>";
		};
		48CF618B2BEA99B100691E2A /* Products */ = {
			isa = PBXGroup;
			children = (
				48CF618A2BEA99B100691E2A /* Roamer.app */,
			);
			name = Products;
			sourceTree = "<group>";
		};
		48CF618C2BEA99B100691E2A /* Roamer */ = {
			isa = PBXGroup;
			children = (
				48C2727B2BECBA6C00FEF91B /* world-low.svg */,
				48C272762BECB89900FEF91B /* SupportingFiles */,
				48C272752BECB89200FEF91B /* Helpers */,
				48C272742BECB86C00FEF91B /* Features */,
				48CF618D2BEA99B100691E2A /* RoamerApp.swift */,
				48CF618F2BEA99B100691E2A /* ContentView.swift */,
				48CF61912BEA99B300691E2A /* Assets.xcassets */,
				48FAE5E32BFCD9A90041462D /* GoogleService-Info.plist */,
				48CF61932BEA99B300691E2A /* Preview Content */,
			);
			path = Roamer;
			sourceTree = "<group>";
		};
		48CF61932BEA99B300691E2A /* Preview Content */ = {
			isa = PBXGroup;
			children = (
				48CF61942BEA99B300691E2A /* Preview Assets.xcassets */,
			);
			path = "Preview Content";
			sourceTree = "<group>";
		};
		48FAE5D82BFCA4790041462D /* Authentication */ = {
			isa = PBXGroup;
			children = (
				48FAE5F22BFCFDED0041462D /* Models */,
				48FAE5F12BFCFDE60041462D /* ViewModel */,
				48FAE5F02BFCFDE00041462D /* Views */,
			);
			path = Authentication;
			sourceTree = "<group>";
		};
		48FAE5F02BFCFDE00041462D /* Views */ = {
			isa = PBXGroup;
			children = (
				48FAE5DF2BFCB0AC0041462D /* ProfileView.swift */,
				48FAE5DD2BFCAC9E0041462D /* RegistrationView.swift */,
				48FAE5DB2BFCA74C0041462D /* InputView.swift */,
				48FAE5D92BFCA5740041462D /* LoginView.swift */,
			);
			path = Views;
			sourceTree = "<group>";
		};
		48FAE5F12BFCFDE60041462D /* ViewModel */ = {
			isa = PBXGroup;
			children = (
				48FAE5EE2BFCEADC0041462D /* AuthViewModel.swift */,
			);
			path = ViewModel;
			sourceTree = "<group>";
		};
		48FAE5F22BFCFDED0041462D /* Models */ = {
			isa = PBXGroup;
			children = (
				48FAE5E12BFCD5550041462D /* User.swift */,
			);
			path = Models;
			sourceTree = "<group>";
		};
/* End PBXGroup section */

/* Begin PBXNativeTarget section */
		48CF61892BEA99B100691E2A /* Roamer */ = {
			isa = PBXNativeTarget;
			buildConfigurationList = 48CF61982BEA99B300691E2A /* Build configuration list for PBXNativeTarget "Roamer" */;
			buildPhases = (
				48CF61862BEA99B100691E2A /* Sources */,
				48CF61872BEA99B100691E2A /* Frameworks */,
				48CF61882BEA99B100691E2A /* Resources */,
				48C272AB2BECC27C00FEF91B /* Embed Frameworks */,
			);
			buildRules = (
			);
			dependencies = (
				48C272AD2BECC2D600FEF91B /* PBXTargetDependency */,
				48C272AF2BECC2D600FEF91B /* PBXTargetDependency */,
			);
			name = Roamer;
			packageProductDependencies = (
				48CF619C2BEA9A4F00691E2A /* InteractiveMap */,
				48C272B32BECC30700FEF91B /* Alamofire */,
				48FAE5E62BFCE90A0041462D /* FirebaseAuth */,
				48FAE5E82BFCE90A0041462D /* FirebaseFirestore */,
				48FAE5EA2BFCE90A0041462D /* FirebaseFirestoreSwift */,
				48FAE5EC2BFCE90A0041462D /* FirebaseStorage */,
			);
			productName = Roamer;
			productReference = 48CF618A2BEA99B100691E2A /* Roamer.app */;
			productType = "com.apple.product-type.application";
		};
/* End PBXNativeTarget section */

/* Begin PBXProject section */
		48CF61822BEA99B100691E2A /* Project object */ = {
			isa = PBXProject;
			attributes = {
				BuildIndependentTargetsInParallel = 1;
				LastSwiftUpdateCheck = 1530;
				LastUpgradeCheck = 1530;
				TargetAttributes = {
					48CF61892BEA99B100691E2A = {
						CreatedOnToolsVersion = 15.3;
					};
				};
			};
			buildConfigurationList = 48CF61852BEA99B100691E2A /* Build configuration list for PBXProject "Roamer" */;
			compatibilityVersion = "Xcode 14.0";
			developmentRegion = en;
			hasScannedForEncodings = 0;
			knownRegions = (
				en,
				Base,
			);
			mainGroup = 48CF61812BEA99B100691E2A;
			packageReferences = (
				48CF619B2BEA9A4F00691E2A /* XCRemoteSwiftPackageReference "InteractiveMap" */,
				48C272B22BECC30700FEF91B /* XCRemoteSwiftPackageReference "Alamofire" */,
				48FAE5E52BFCE90A0041462D /* XCRemoteSwiftPackageReference "firebase-ios-sdk" */,
			);
			productRefGroup = 48CF618B2BEA99B100691E2A /* Products */;
			projectDirPath = "";
			projectRoot = "";
			targets = (
				48CF61892BEA99B100691E2A /* Roamer */,
			);
		};
/* End PBXProject section */

/* Begin PBXResourcesBuildPhase section */
		48CF61882BEA99B100691E2A /* Resources */ = {
			isa = PBXResourcesBuildPhase;
			buildActionMask = 2147483647;
			files = (
				48CF61952BEA99B300691E2A /* Preview Assets.xcassets in Resources */,
				48FAE5E42BFCD9A90041462D /* GoogleService-Info.plist in Resources */,
				48CF61922BEA99B300691E2A /* Assets.xcassets in Resources */,
				48C2727C2BECBA6C00FEF91B /* world-low.svg in Resources */,
			);
			runOnlyForDeploymentPostprocessing = 0;
		};
/* End PBXResourcesBuildPhase section */

/* Begin PBXSourcesBuildPhase section */
		48CF61862BEA99B100691E2A /* Sources */ = {
			isa = PBXSourcesBuildPhase;
			buildActionMask = 2147483647;
			files = (
				48FAE5DA2BFCA5740041462D /* LoginView.swift in Sources */,
				48FAE5DC2BFCA74C0041462D /* InputView.swift in Sources */,
				48C272C52BEF46E500FEF91B /* TravelMapAndDiaryView.swift in Sources */,
				48CF61AA2BEA9E0100691E2A /* ViewModel.swift in Sources */,
				48CF61902BEA99B100691E2A /* ContentView.swift in Sources */,
				48CF61A32BEA9B5500691E2A /* CountryRepository.swift in Sources */,
				48CF618E2BEA99B100691E2A /* RoamerApp.swift in Sources */,
				48FAE5EF2BFCEADC0041462D /* AuthViewModel.swift in Sources */,
				48FAE5E02BFCB0AC0041462D /* ProfileView.swift in Sources */,
				48FAE5E22BFCD5550041462D /* User.swift in Sources */,
				48FAE5DE2BFCAC9E0041462D /* RegistrationView.swift in Sources */,
			);
			runOnlyForDeploymentPostprocessing = 0;
		};
/* End PBXSourcesBuildPhase section */

/* Begin PBXTargetDependency section */
		48C272AD2BECC2D600FEF91B /* PBXTargetDependency */ = {
			isa = PBXTargetDependency;
			productRef = 48C272AC2BECC2D600FEF91B /* InteractiveMap */;
		};
		48C272AF2BECC2D600FEF91B /* PBXTargetDependency */ = {
			isa = PBXTargetDependency;
			productRef = 48C272AE2BECC2D600FEF91B /* Alamofire */;
		};
/* End PBXTargetDependency section */

/* Begin XCBuildConfiguration section */
		48CF61962BEA99B300691E2A /* Debug */ = {
			isa = XCBuildConfiguration;
			buildSettings = {
				ALWAYS_SEARCH_USER_PATHS = NO;
				ASSETCATALOG_COMPILER_GENERATE_SWIFT_ASSET_SYMBOL_EXTENSIONS = YES;
				CLANG_ANALYZER_NONNULL = YES;
				CLANG_ANALYZER_NUMBER_OBJECT_CONVERSION = YES_AGGRESSIVE;
				CLANG_CXX_LANGUAGE_STANDARD = "gnu++20";
				CLANG_ENABLE_MODULES = YES;
				CLANG_ENABLE_OBJC_ARC = YES;
				CLANG_ENABLE_OBJC_WEAK = YES;
				CLANG_WARN_BLOCK_CAPTURE_AUTORELEASING = YES;
				CLANG_WARN_BOOL_CONVERSION = YES;
				CLANG_WARN_COMMA = YES;
				CLANG_WARN_CONSTANT_CONVERSION = YES;
				CLANG_WARN_DEPRECATED_OBJC_IMPLEMENTATIONS = YES;
				CLANG_WARN_DIRECT_OBJC_ISA_USAGE = YES_ERROR;
				CLANG_WARN_DOCUMENTATION_COMMENTS = YES;
				CLANG_WARN_EMPTY_BODY = YES;
				CLANG_WARN_ENUM_CONVERSION = YES;
				CLANG_WARN_INFINITE_RECURSION = YES;
				CLANG_WARN_INT_CONVERSION = YES;
				CLANG_WARN_NON_LITERAL_NULL_CONVERSION = YES;
				CLANG_WARN_OBJC_IMPLICIT_RETAIN_SELF = YES;
				CLANG_WARN_OBJC_LITERAL_CONVERSION = YES;
				CLANG_WARN_OBJC_ROOT_CLASS = YES_ERROR;
				CLANG_WARN_QUOTED_INCLUDE_IN_FRAMEWORK_HEADER = YES;
				CLANG_WARN_RANGE_LOOP_ANALYSIS = YES;
				CLANG_WARN_STRICT_PROTOTYPES = YES;
				CLANG_WARN_SUSPICIOUS_MOVE = YES;
				CLANG_WARN_UNGUARDED_AVAILABILITY = YES_AGGRESSIVE;
				CLANG_WARN_UNREACHABLE_CODE = YES;
				CLANG_WARN__DUPLICATE_METHOD_MATCH = YES;
				COPY_PHASE_STRIP = NO;
				DEBUG_INFORMATION_FORMAT = dwarf;
				ENABLE_STRICT_OBJC_MSGSEND = YES;
				ENABLE_TESTABILITY = YES;
				ENABLE_USER_SCRIPT_SANDBOXING = YES;
				GCC_C_LANGUAGE_STANDARD = gnu17;
				GCC_DYNAMIC_NO_PIC = NO;
				GCC_NO_COMMON_BLOCKS = YES;
				GCC_OPTIMIZATION_LEVEL = 0;
				GCC_PREPROCESSOR_DEFINITIONS = (
					"DEBUG=1",
					"$(inherited)",
				);
				GCC_WARN_64_TO_32_BIT_CONVERSION = YES;
				GCC_WARN_ABOUT_RETURN_TYPE = YES_ERROR;
				GCC_WARN_UNDECLARED_SELECTOR = YES;
				GCC_WARN_UNINITIALIZED_AUTOS = YES_AGGRESSIVE;
				GCC_WARN_UNUSED_FUNCTION = YES;
				GCC_WARN_UNUSED_VARIABLE = YES;
				IPHONEOS_DEPLOYMENT_TARGET = 17.4;
				LOCALIZATION_PREFERS_STRING_CATALOGS = YES;
				MTL_ENABLE_DEBUG_INFO = INCLUDE_SOURCE;
				MTL_FAST_MATH = YES;
				ONLY_ACTIVE_ARCH = YES;
				SDKROOT = iphoneos;
				SWIFT_ACTIVE_COMPILATION_CONDITIONS = "DEBUG $(inherited)";
				SWIFT_OPTIMIZATION_LEVEL = "-Onone";
			};
			name = Debug;
		};
		48CF61972BEA99B300691E2A /* Release */ = {
			isa = XCBuildConfiguration;
			buildSettings = {
				ALWAYS_SEARCH_USER_PATHS = NO;
				ASSETCATALOG_COMPILER_GENERATE_SWIFT_ASSET_SYMBOL_EXTENSIONS = YES;
				CLANG_ANALYZER_NONNULL = YES;
				CLANG_ANALYZER_NUMBER_OBJECT_CONVERSION = YES_AGGRESSIVE;
				CLANG_CXX_LANGUAGE_STANDARD = "gnu++20";
				CLANG_ENABLE_MODULES = YES;
				CLANG_ENABLE_OBJC_ARC = YES;
				CLANG_ENABLE_OBJC_WEAK = YES;
				CLANG_WARN_BLOCK_CAPTURE_AUTORELEASING = YES;
				CLANG_WARN_BOOL_CONVERSION = YES;
				CLANG_WARN_COMMA = YES;
				CLANG_WARN_CONSTANT_CONVERSION = YES;
				CLANG_WARN_DEPRECATED_OBJC_IMPLEMENTATIONS = YES;
				CLANG_WARN_DIRECT_OBJC_ISA_USAGE = YES_ERROR;
				CLANG_WARN_DOCUMENTATION_COMMENTS = YES;
				CLANG_WARN_EMPTY_BODY = YES;
				CLANG_WARN_ENUM_CONVERSION = YES;
				CLANG_WARN_INFINITE_RECURSION = YES;
				CLANG_WARN_INT_CONVERSION = YES;
				CLANG_WARN_NON_LITERAL_NULL_CONVERSION = YES;
				CLANG_WARN_OBJC_IMPLICIT_RETAIN_SELF = YES;
				CLANG_WARN_OBJC_LITERAL_CONVERSION = YES;
				CLANG_WARN_OBJC_ROOT_CLASS = YES_ERROR;
				CLANG_WARN_QUOTED_INCLUDE_IN_FRAMEWORK_HEADER = YES;
				CLANG_WARN_RANGE_LOOP_ANALYSIS = YES;
				CLANG_WARN_STRICT_PROTOTYPES = YES;
				CLANG_WARN_SUSPICIOUS_MOVE = YES;
				CLANG_WARN_UNGUARDED_AVAILABILITY = YES_AGGRESSIVE;
				CLANG_WARN_UNREACHABLE_CODE = YES;
				CLANG_WARN__DUPLICATE_METHOD_MATCH = YES;
				COPY_PHASE_STRIP = NO;
				DEBUG_INFORMATION_FORMAT = "dwarf-with-dsym";
				ENABLE_NS_ASSERTIONS = NO;
				ENABLE_STRICT_OBJC_MSGSEND = YES;
				ENABLE_USER_SCRIPT_SANDBOXING = YES;
				GCC_C_LANGUAGE_STANDARD = gnu17;
				GCC_NO_COMMON_BLOCKS = YES;
				GCC_WARN_64_TO_32_BIT_CONVERSION = YES;
				GCC_WARN_ABOUT_RETURN_TYPE = YES_ERROR;
				GCC_WARN_UNDECLARED_SELECTOR = YES;
				GCC_WARN_UNINITIALIZED_AUTOS = YES_AGGRESSIVE;
				GCC_WARN_UNUSED_FUNCTION = YES;
				GCC_WARN_UNUSED_VARIABLE = YES;
				IPHONEOS_DEPLOYMENT_TARGET = 17.4;
				LOCALIZATION_PREFERS_STRING_CATALOGS = YES;
				MTL_ENABLE_DEBUG_INFO = NO;
				MTL_FAST_MATH = YES;
				SDKROOT = iphoneos;
				SWIFT_COMPILATION_MODE = wholemodule;
				VALIDATE_PRODUCT = YES;
			};
			name = Release;
		};
		48CF61992BEA99B300691E2A /* Debug */ = {
			isa = XCBuildConfiguration;
			buildSettings = {
				ASSETCATALOG_COMPILER_APPICON_NAME = AppIcon;
				ASSETCATALOG_COMPILER_GLOBAL_ACCENT_COLOR_NAME = AccentColor;
				CODE_SIGN_IDENTITY = "Apple Development";
				CODE_SIGN_STYLE = Automatic;
				CURRENT_PROJECT_VERSION = 1;
				DEVELOPMENT_ASSET_PATHS = "\"Roamer/Preview Content\"";
				DEVELOPMENT_TEAM = 85HY74LC9S;
				ENABLE_PREVIEWS = YES;
				GENERATE_INFOPLIST_FILE = YES;
				INFOPLIST_KEY_UIApplicationSceneManifest_Generation = YES;
				INFOPLIST_KEY_UIApplicationSupportsIndirectInputEvents = YES;
				INFOPLIST_KEY_UILaunchScreen_Generation = YES;
				INFOPLIST_KEY_UISupportedInterfaceOrientations_iPad = "UIInterfaceOrientationPortrait UIInterfaceOrientationPortraitUpsideDown UIInterfaceOrientationLandscapeLeft UIInterfaceOrientationLandscapeRight";
				INFOPLIST_KEY_UISupportedInterfaceOrientations_iPhone = "UIInterfaceOrientationPortrait UIInterfaceOrientationLandscapeLeft UIInterfaceOrientationLandscapeRight";
				LD_RUNPATH_SEARCH_PATHS = (
					"$(inherited)",
					"@executable_path/Frameworks",
				);
				MARKETING_VERSION = 1.0;
				PRODUCT_BUNDLE_IDENTIFIER = "hr.dice.ivona-perko.Roamer";
				PRODUCT_NAME = "$(TARGET_NAME)";
				PROVISIONING_PROFILE_SPECIFIER = "";
				SWIFT_EMIT_LOC_STRINGS = YES;
				SWIFT_VERSION = 5.0;
				TARGETED_DEVICE_FAMILY = "1,2";
			};
			name = Debug;
		};
		48CF619A2BEA99B300691E2A /* Release */ = {
			isa = XCBuildConfiguration;
			buildSettings = {
				ASSETCATALOG_COMPILER_APPICON_NAME = AppIcon;
				ASSETCATALOG_COMPILER_GLOBAL_ACCENT_COLOR_NAME = AccentColor;
				CODE_SIGN_IDENTITY = "Apple Development";
				CODE_SIGN_STYLE = Automatic;
				CURRENT_PROJECT_VERSION = 1;
				DEVELOPMENT_ASSET_PATHS = "\"Roamer/Preview Content\"";
				DEVELOPMENT_TEAM = 85HY74LC9S;
				ENABLE_PREVIEWS = YES;
				GENERATE_INFOPLIST_FILE = YES;
				INFOPLIST_KEY_UIApplicationSceneManifest_Generation = YES;
				INFOPLIST_KEY_UIApplicationSupportsIndirectInputEvents = YES;
				INFOPLIST_KEY_UILaunchScreen_Generation = YES;
				INFOPLIST_KEY_UISupportedInterfaceOrientations_iPad = "UIInterfaceOrientationPortrait UIInterfaceOrientationPortraitUpsideDown UIInterfaceOrientationLandscapeLeft UIInterfaceOrientationLandscapeRight";
				INFOPLIST_KEY_UISupportedInterfaceOrientations_iPhone = "UIInterfaceOrientationPortrait UIInterfaceOrientationLandscapeLeft UIInterfaceOrientationLandscapeRight";
				LD_RUNPATH_SEARCH_PATHS = (
					"$(inherited)",
					"@executable_path/Frameworks",
				);
				MARKETING_VERSION = 1.0;
				PRODUCT_BUNDLE_IDENTIFIER = "hr.dice.ivona-perko.Roamer";
				PRODUCT_NAME = "$(TARGET_NAME)";
				PROVISIONING_PROFILE_SPECIFIER = "";
				SWIFT_EMIT_LOC_STRINGS = YES;
				SWIFT_VERSION = 5.0;
				TARGETED_DEVICE_FAMILY = "1,2";
			};
			name = Release;
		};
/* End XCBuildConfiguration section */

/* Begin XCConfigurationList section */
		48CF61852BEA99B100691E2A /* Build configuration list for PBXProject "Roamer" */ = {
			isa = XCConfigurationList;
			buildConfigurations = (
				48CF61962BEA99B300691E2A /* Debug */,
				48CF61972BEA99B300691E2A /* Release */,
			);
			defaultConfigurationIsVisible = 0;
			defaultConfigurationName = Release;
		};
		48CF61982BEA99B300691E2A /* Build configuration list for PBXNativeTarget "Roamer" */ = {
			isa = XCConfigurationList;
			buildConfigurations = (
				48CF61992BEA99B300691E2A /* Debug */,
				48CF619A2BEA99B300691E2A /* Release */,
			);
			defaultConfigurationIsVisible = 0;
			defaultConfigurationName = Release;
		};
/* End XCConfigurationList section */

/* Begin XCRemoteSwiftPackageReference section */
		48C2729F2BECC24600FEF91B /* XCRemoteSwiftPackageReference "Alamofire" */ = {
			isa = XCRemoteSwiftPackageReference;
			repositoryURL = "https://github.com/Alamofire/Alamofire.git";
			requirement = {
				kind = upToNextMajorVersion;
				minimumVersion = 5.9.1;
			};
		};
		48C272B22BECC30700FEF91B /* XCRemoteSwiftPackageReference "Alamofire" */ = {
			isa = XCRemoteSwiftPackageReference;
			repositoryURL = "https://github.com/Alamofire/Alamofire.git";
			requirement = {
				kind = upToNextMajorVersion;
				minimumVersion = 5.9.1;
			};
		};
		48CF619B2BEA9A4F00691E2A /* XCRemoteSwiftPackageReference "InteractiveMap" */ = {
			isa = XCRemoteSwiftPackageReference;
			repositoryURL = "https://github.com/GrandSir/InteractiveMap";
			requirement = {
				branch = main;
				kind = branch;
			};
		};
		48FAE5E52BFCE90A0041462D /* XCRemoteSwiftPackageReference "firebase-ios-sdk" */ = {
			isa = XCRemoteSwiftPackageReference;
			repositoryURL = "https://github.com/firebase/firebase-ios-sdk";
			requirement = {
				kind = upToNextMajorVersion;
				minimumVersion = 10.26.0;
			};
		};
/* End XCRemoteSwiftPackageReference section */

/* Begin XCSwiftPackageProductDependency section */
		48C272AC2BECC2D600FEF91B /* InteractiveMap */ = {
			isa = XCSwiftPackageProductDependency;
			package = 48CF619B2BEA9A4F00691E2A /* XCRemoteSwiftPackageReference "InteractiveMap" */;
			productName = InteractiveMap;
		};
		48C272AE2BECC2D600FEF91B /* Alamofire */ = {
			isa = XCSwiftPackageProductDependency;
			package = 48C2729F2BECC24600FEF91B /* XCRemoteSwiftPackageReference "Alamofire" */;
			productName = Alamofire;
		};
		48C272B32BECC30700FEF91B /* Alamofire */ = {
			isa = XCSwiftPackageProductDependency;
			package = 48C272B22BECC30700FEF91B /* XCRemoteSwiftPackageReference "Alamofire" */;
			productName = Alamofire;
		};
		48CF619C2BEA9A4F00691E2A /* InteractiveMap */ = {
			isa = XCSwiftPackageProductDependency;
			package = 48CF619B2BEA9A4F00691E2A /* XCRemoteSwiftPackageReference "InteractiveMap" */;
			productName = InteractiveMap;
		};
		48FAE5E62BFCE90A0041462D /* FirebaseAuth */ = {
			isa = XCSwiftPackageProductDependency;
			package = 48FAE5E52BFCE90A0041462D /* XCRemoteSwiftPackageReference "firebase-ios-sdk" */;
			productName = FirebaseAuth;
		};
		48FAE5E82BFCE90A0041462D /* FirebaseFirestore */ = {
			isa = XCSwiftPackageProductDependency;
			package = 48FAE5E52BFCE90A0041462D /* XCRemoteSwiftPackageReference "firebase-ios-sdk" */;
			productName = FirebaseFirestore;
		};
		48FAE5EA2BFCE90A0041462D /* FirebaseFirestoreSwift */ = {
			isa = XCSwiftPackageProductDependency;
			package = 48FAE5E52BFCE90A0041462D /* XCRemoteSwiftPackageReference "firebase-ios-sdk" */;
			productName = FirebaseFirestoreSwift;
		};
		48FAE5EC2BFCE90A0041462D /* FirebaseStorage */ = {
			isa = XCSwiftPackageProductDependency;
			package = 48FAE5E52BFCE90A0041462D /* XCRemoteSwiftPackageReference "firebase-ios-sdk" */;
			productName = FirebaseStorage;
		};
/* End XCSwiftPackageProductDependency section */
	};
	rootObject = 48CF61822BEA99B100691E2A /* Project object */;
}
