// !$*UTF8*$!
{
	archiveVersion = 1;
	classes = {
	};
	objectVersion = 56;
	objects = {

/* Begin PBXBuildFile section */
		4861ECD02C1B6BA90064EDFC /* CustimError.swift in Sources */ = {isa = PBXBuildFile; fileRef = 4861ECCF2C1B6BA90064EDFC /* CustimError.swift */; };
		4861ECD32C1B72EC0064EDFC /* InteractiveMap in Frameworks */ = {isa = PBXBuildFile; productRef = 4861ECD22C1B72EC0064EDFC /* InteractiveMap */; };
		48C2727C2BECBA6C00FEF91B /* world-low.svg in Resources */ = {isa = PBXBuildFile; fileRef = 48C2727B2BECBA6C00FEF91B /* world-low.svg */; };
		48C272C52BEF46E500FEF91B /* TravelMapView.swift in Sources */ = {isa = PBXBuildFile; fileRef = 48C272C42BEF46E500FEF91B /* TravelMapView.swift */; };
		48CF618E2BEA99B100691E2A /* RoamerApp.swift in Sources */ = {isa = PBXBuildFile; fileRef = 48CF618D2BEA99B100691E2A /* RoamerApp.swift */; };
		48CF61902BEA99B100691E2A /* ContentView.swift in Sources */ = {isa = PBXBuildFile; fileRef = 48CF618F2BEA99B100691E2A /* ContentView.swift */; };
		48CF61922BEA99B300691E2A /* Assets.xcassets in Resources */ = {isa = PBXBuildFile; fileRef = 48CF61912BEA99B300691E2A /* Assets.xcassets */; };
		48CF61952BEA99B300691E2A /* Preview Assets.xcassets in Resources */ = {isa = PBXBuildFile; fileRef = 48CF61942BEA99B300691E2A /* Preview Assets.xcassets */; };
		48CF61A32BEA9B5500691E2A /* CountryRepository.swift in Sources */ = {isa = PBXBuildFile; fileRef = 48CF61A22BEA9B5500691E2A /* CountryRepository.swift */; };
		48CF61AA2BEA9E0100691E2A /* TravelViewModel.swift in Sources */ = {isa = PBXBuildFile; fileRef = 48CF61A92BEA9E0100691E2A /* TravelViewModel.swift */; };
		48FAE5DA2BFCA5740041462D /* LoginView.swift in Sources */ = {isa = PBXBuildFile; fileRef = 48FAE5D92BFCA5740041462D /* LoginView.swift */; };
		48FAE5DC2BFCA74C0041462D /* InputView.swift in Sources */ = {isa = PBXBuildFile; fileRef = 48FAE5DB2BFCA74C0041462D /* InputView.swift */; };
		48FAE5DE2BFCAC9E0041462D /* RegistrationView.swift in Sources */ = {isa = PBXBuildFile; fileRef = 48FAE5DD2BFCAC9E0041462D /* RegistrationView.swift */; };
		48FAE5E02BFCB0AC0041462D /* ProfileView.swift in Sources */ = {isa = PBXBuildFile; fileRef = 48FAE5DF2BFCB0AC0041462D /* ProfileView.swift */; };
		48FAE5E22BFCD5550041462D /* User.swift in Sources */ = {isa = PBXBuildFile; fileRef = 48FAE5E12BFCD5550041462D /* User.swift */; };
		48FAE5E42BFCD9A90041462D /* GoogleService-Info.plist in Resources */ = {isa = PBXBuildFile; fileRef = 48FAE5E32BFCD9A90041462D /* GoogleService-Info.plist */; };
		48FAE5EF2BFCEADC0041462D /* AuthViewModel.swift in Sources */ = {isa = PBXBuildFile; fileRef = 48FAE5EE2BFCEADC0041462D /* AuthViewModel.swift */; };
		48FAE5F72BFDFE640041462D /* AddCountryView.swift in Sources */ = {isa = PBXBuildFile; fileRef = 48FAE5F62BFDFE640041462D /* AddCountryView.swift */; };
		48FAE5F92BFDFF3B0041462D /* CountriesViewModel.swift in Sources */ = {isa = PBXBuildFile; fileRef = 48FAE5F82BFDFF3B0041462D /* CountriesViewModel.swift */; };
		48FAE5FE2BFE77310041462D /* CountryResponse.swift in Sources */ = {isa = PBXBuildFile; fileRef = 48FAE5FD2BFE77310041462D /* CountryResponse.swift */; };
		48FAE6002BFE789F0041462D /* ConutryInformationListView.swift in Sources */ = {isa = PBXBuildFile; fileRef = 48FAE5FF2BFE789F0041462D /* ConutryInformationListView.swift */; };
		48FAE6022BFE78E30041462D /* CountryInformationViewModel.swift in Sources */ = {isa = PBXBuildFile; fileRef = 48FAE6012BFE78E30041462D /* CountryInformationViewModel.swift */; };
		48FAE6042BFE7E450041462D /* CountryInformationRepository.swift in Sources */ = {isa = PBXBuildFile; fileRef = 48FAE6032BFE7E450041462D /* CountryInformationRepository.swift */; };
		48FAE6062BFF347B0041462D /* CountryInformation.swift in Sources */ = {isa = PBXBuildFile; fileRef = 48FAE6052BFF347B0041462D /* CountryInformation.swift */; };
		48FAE6082BFF43030041462D /* RegionScrollView.swift in Sources */ = {isa = PBXBuildFile; fileRef = 48FAE6072BFF43030041462D /* RegionScrollView.swift */; };
		48FAE60A2BFF43400041462D /* CountryDetailView.swift in Sources */ = {isa = PBXBuildFile; fileRef = 48FAE6092BFF43400041462D /* CountryDetailView.swift */; };
		48FAE60C2BFF43600041462D /* CountryView.swift in Sources */ = {isa = PBXBuildFile; fileRef = 48FAE60B2BFF43600041462D /* CountryView.swift */; };
		48FAE60E2BFF4FA60041462D /* GeocodingViewModel.swift in Sources */ = {isa = PBXBuildFile; fileRef = 48FAE60D2BFF4FA60041462D /* GeocodingViewModel.swift */; };
		48FAE6102BFF4FD00041462D /* MapView.swift in Sources */ = {isa = PBXBuildFile; fileRef = 48FAE60F2BFF4FCF0041462D /* MapView.swift */; };
		48FAE6152BFF5E950041462D /* DiaryInputView.swift in Sources */ = {isa = PBXBuildFile; fileRef = 48FAE6142BFF5E950041462D /* DiaryInputView.swift */; };
		48FAE6172BFF6EDD0041462D /* TravelDiaryViewModel.swift in Sources */ = {isa = PBXBuildFile; fileRef = 48FAE6162BFF6EDD0041462D /* TravelDiaryViewModel.swift */; };
		48FAE6192BFF6F110041462D /* Travel.swift in Sources */ = {isa = PBXBuildFile; fileRef = 48FAE6182BFF6F110041462D /* Travel.swift */; };
		48FAE61B2BFF6F380041462D /* TravelListView.swift in Sources */ = {isa = PBXBuildFile; fileRef = 48FAE61A2BFF6F380041462D /* TravelListView.swift */; };
		48FAE61D2BFF88B70041462D /* TravelDetailView.swift in Sources */ = {isa = PBXBuildFile; fileRef = 48FAE61C2BFF88B70041462D /* TravelDetailView.swift */; };
		48FAE61F2BFF89AB0041462D /* TravelRowView.swift in Sources */ = {isa = PBXBuildFile; fileRef = 48FAE61E2BFF89AB0041462D /* TravelRowView.swift */; };
		48FAE6212BFFA0CA0041462D /* ImagePicker.swift in Sources */ = {isa = PBXBuildFile; fileRef = 48FAE6202BFFA0CA0041462D /* ImagePicker.swift */; };
		48FAE6232BFFA0FC0041462D /* TextView.swift in Sources */ = {isa = PBXBuildFile; fileRef = 48FAE6222BFFA0FC0041462D /* TextView.swift */; };
		48FAE6252BFFBF890041462D /* accessCameraView.swift in Sources */ = {isa = PBXBuildFile; fileRef = 48FAE6242BFFBF880041462D /* accessCameraView.swift */; };
		48FAE6272BFFD7E90041462D /* ProgressBar.swift in Sources */ = {isa = PBXBuildFile; fileRef = 48FAE6262BFFD7E90041462D /* ProgressBar.swift */; };
		48FAE6292BFFDCF50041462D /* CustomBackButton.swift in Sources */ = {isa = PBXBuildFile; fileRef = 48FAE6282BFFDCF50041462D /* CustomBackButton.swift */; };
		48FAE62B2C071D0D0041462D /* EditDiaryView.swift in Sources */ = {isa = PBXBuildFile; fileRef = 48FAE62A2C071D0D0041462D /* EditDiaryView.swift */; };
		48FAE62D2C086C790041462D /* SearchBar.swift in Sources */ = {isa = PBXBuildFile; fileRef = 48FAE62C2C086C790041462D /* SearchBar.swift */; };
		48FAE6332C086F2F0041462D /* Alamofire in Frameworks */ = {isa = PBXBuildFile; productRef = 48FAE6322C086F2F0041462D /* Alamofire */; };
		48FAE6382C086FCC0041462D /* FirebaseAuth in Frameworks */ = {isa = PBXBuildFile; productRef = 48FAE6372C086FCC0041462D /* FirebaseAuth */; };
		48FAE63A2C086FCC0041462D /* FirebaseFirestore in Frameworks */ = {isa = PBXBuildFile; productRef = 48FAE6392C086FCC0041462D /* FirebaseFirestore */; };
		48FAE63C2C086FCC0041462D /* FirebaseFirestoreSwift in Frameworks */ = {isa = PBXBuildFile; productRef = 48FAE63B2C086FCC0041462D /* FirebaseFirestoreSwift */; };
		48FAE63E2C086FCC0041462D /* FirebaseStorage in Frameworks */ = {isa = PBXBuildFile; productRef = 48FAE63D2C086FCC0041462D /* FirebaseStorage */; };
/* End PBXBuildFile section */

/* Begin PBXCopyFilesBuildPhase section */
		48C272AB2BECC27C00FEF91B /* Embed Frameworks */ = {
			isa = PBXCopyFilesBuildPhase;
			buildActionMask = 2147483647;
			dstPath = "";
			dstSubfolderSpec = 10;
			files = (
			);
			name = "Embed Frameworks";
			runOnlyForDeploymentPostprocessing = 0;
		};
/* End PBXCopyFilesBuildPhase section */

/* Begin PBXFileReference section */
		4861ECCF2C1B6BA90064EDFC /* CustimError.swift */ = {isa = PBXFileReference; lastKnownFileType = sourcecode.swift; path = CustimError.swift; sourceTree = "<group>"; };
		48C2727B2BECBA6C00FEF91B /* world-low.svg */ = {isa = PBXFileReference; fileEncoding = 4; lastKnownFileType = text.xml; name = "world-low.svg"; path = "../../../../Downloads/world-low.svg"; sourceTree = "<group>"; };
		48C272C42BEF46E500FEF91B /* TravelMapView.swift */ = {isa = PBXFileReference; lastKnownFileType = sourcecode.swift; path = TravelMapView.swift; sourceTree = "<group>"; };
		48CF618A2BEA99B100691E2A /* Roamer.app */ = {isa = PBXFileReference; explicitFileType = wrapper.application; includeInIndex = 0; path = Roamer.app; sourceTree = BUILT_PRODUCTS_DIR; };
		48CF618D2BEA99B100691E2A /* RoamerApp.swift */ = {isa = PBXFileReference; lastKnownFileType = sourcecode.swift; path = RoamerApp.swift; sourceTree = "<group>"; };
		48CF618F2BEA99B100691E2A /* ContentView.swift */ = {isa = PBXFileReference; lastKnownFileType = sourcecode.swift; path = ContentView.swift; sourceTree = "<group>"; };
		48CF61912BEA99B300691E2A /* Assets.xcassets */ = {isa = PBXFileReference; lastKnownFileType = folder.assetcatalog; path = Assets.xcassets; sourceTree = "<group>"; };
		48CF61942BEA99B300691E2A /* Preview Assets.xcassets */ = {isa = PBXFileReference; lastKnownFileType = folder.assetcatalog; path = "Preview Assets.xcassets"; sourceTree = "<group>"; };
		48CF61A22BEA9B5500691E2A /* CountryRepository.swift */ = {isa = PBXFileReference; lastKnownFileType = sourcecode.swift; path = CountryRepository.swift; sourceTree = "<group>"; };
		48CF61A92BEA9E0100691E2A /* TravelViewModel.swift */ = {isa = PBXFileReference; lastKnownFileType = sourcecode.swift; path = TravelViewModel.swift; sourceTree = "<group>"; };
		48FAE5D92BFCA5740041462D /* LoginView.swift */ = {isa = PBXFileReference; lastKnownFileType = sourcecode.swift; path = LoginView.swift; sourceTree = "<group>"; };
		48FAE5DB2BFCA74C0041462D /* InputView.swift */ = {isa = PBXFileReference; lastKnownFileType = sourcecode.swift; path = InputView.swift; sourceTree = "<group>"; };
		48FAE5DD2BFCAC9E0041462D /* RegistrationView.swift */ = {isa = PBXFileReference; lastKnownFileType = sourcecode.swift; path = RegistrationView.swift; sourceTree = "<group>"; };
		48FAE5DF2BFCB0AC0041462D /* ProfileView.swift */ = {isa = PBXFileReference; lastKnownFileType = sourcecode.swift; path = ProfileView.swift; sourceTree = "<group>"; };
		48FAE5E12BFCD5550041462D /* User.swift */ = {isa = PBXFileReference; lastKnownFileType = sourcecode.swift; path = User.swift; sourceTree = "<group>"; };
		48FAE5E32BFCD9A90041462D /* GoogleService-Info.plist */ = {isa = PBXFileReference; fileEncoding = 4; lastKnownFileType = text.plist.xml; path = "GoogleService-Info.plist"; sourceTree = "<group>"; };
		48FAE5EE2BFCEADC0041462D /* AuthViewModel.swift */ = {isa = PBXFileReference; lastKnownFileType = sourcecode.swift; path = AuthViewModel.swift; sourceTree = "<group>"; };
		48FAE5F62BFDFE640041462D /* AddCountryView.swift */ = {isa = PBXFileReference; lastKnownFileType = sourcecode.swift; path = AddCountryView.swift; sourceTree = "<group>"; };
		48FAE5F82BFDFF3B0041462D /* CountriesViewModel.swift */ = {isa = PBXFileReference; lastKnownFileType = sourcecode.swift; path = CountriesViewModel.swift; sourceTree = "<group>"; };
		48FAE5FD2BFE77310041462D /* CountryResponse.swift */ = {isa = PBXFileReference; lastKnownFileType = sourcecode.swift; path = CountryResponse.swift; sourceTree = "<group>"; };
		48FAE5FF2BFE789F0041462D /* ConutryInformationListView.swift */ = {isa = PBXFileReference; lastKnownFileType = sourcecode.swift; path = ConutryInformationListView.swift; sourceTree = "<group>"; };
		48FAE6012BFE78E30041462D /* CountryInformationViewModel.swift */ = {isa = PBXFileReference; lastKnownFileType = sourcecode.swift; path = CountryInformationViewModel.swift; sourceTree = "<group>"; };
		48FAE6032BFE7E450041462D /* CountryInformationRepository.swift */ = {isa = PBXFileReference; lastKnownFileType = sourcecode.swift; path = CountryInformationRepository.swift; sourceTree = "<group>"; };
		48FAE6052BFF347B0041462D /* CountryInformation.swift */ = {isa = PBXFileReference; lastKnownFileType = sourcecode.swift; path = CountryInformation.swift; sourceTree = "<group>"; };
		48FAE6072BFF43030041462D /* RegionScrollView.swift */ = {isa = PBXFileReference; lastKnownFileType = sourcecode.swift; path = RegionScrollView.swift; sourceTree = "<group>"; };
		48FAE6092BFF43400041462D /* CountryDetailView.swift */ = {isa = PBXFileReference; lastKnownFileType = sourcecode.swift; path = CountryDetailView.swift; sourceTree = "<group>"; };
		48FAE60B2BFF43600041462D /* CountryView.swift */ = {isa = PBXFileReference; lastKnownFileType = sourcecode.swift; path = CountryView.swift; sourceTree = "<group>"; };
		48FAE60D2BFF4FA60041462D /* GeocodingViewModel.swift */ = {isa = PBXFileReference; lastKnownFileType = sourcecode.swift; path = GeocodingViewModel.swift; sourceTree = "<group>"; };
		48FAE60F2BFF4FCF0041462D /* MapView.swift */ = {isa = PBXFileReference; lastKnownFileType = sourcecode.swift; path = MapView.swift; sourceTree = "<group>"; };
		48FAE6142BFF5E950041462D /* DiaryInputView.swift */ = {isa = PBXFileReference; lastKnownFileType = sourcecode.swift; path = DiaryInputView.swift; sourceTree = "<group>"; };
		48FAE6162BFF6EDD0041462D /* TravelDiaryViewModel.swift */ = {isa = PBXFileReference; lastKnownFileType = sourcecode.swift; path = TravelDiaryViewModel.swift; sourceTree = "<group>"; };
		48FAE6182BFF6F110041462D /* Travel.swift */ = {isa = PBXFileReference; lastKnownFileType = sourcecode.swift; path = Travel.swift; sourceTree = "<group>"; };
		48FAE61A2BFF6F380041462D /* TravelListView.swift */ = {isa = PBXFileReference; lastKnownFileType = sourcecode.swift; path = TravelListView.swift; sourceTree = "<group>"; };
		48FAE61C2BFF88B70041462D /* TravelDetailView.swift */ = {isa = PBXFileReference; lastKnownFileType = sourcecode.swift; path = TravelDetailView.swift; sourceTree = "<group>"; };
		48FAE61E2BFF89AB0041462D /* TravelRowView.swift */ = {isa = PBXFileReference; lastKnownFileType = sourcecode.swift; path = TravelRowView.swift; sourceTree = "<group>"; };
		48FAE6202BFFA0CA0041462D /* ImagePicker.swift */ = {isa = PBXFileReference; lastKnownFileType = sourcecode.swift; path = ImagePicker.swift; sourceTree = "<group>"; };
		48FAE6222BFFA0FC0041462D /* TextView.swift */ = {isa = PBXFileReference; lastKnownFileType = sourcecode.swift; path = TextView.swift; sourceTree = "<group>"; };
		48FAE6242BFFBF880041462D /* accessCameraView.swift */ = {isa = PBXFileReference; lastKnownFileType = sourcecode.swift; path = accessCameraView.swift; sourceTree = "<group>"; };
		48FAE6262BFFD7E90041462D /* ProgressBar.swift */ = {isa = PBXFileReference; lastKnownFileType = sourcecode.swift; path = ProgressBar.swift; sourceTree = "<group>"; };
		48FAE6282BFFDCF50041462D /* CustomBackButton.swift */ = {isa = PBXFileReference; lastKnownFileType = sourcecode.swift; path = CustomBackButton.swift; sourceTree = "<group>"; };
		48FAE62A2C071D0D0041462D /* EditDiaryView.swift */ = {isa = PBXFileReference; lastKnownFileType = sourcecode.swift; path = EditDiaryView.swift; sourceTree = "<group>"; };
		48FAE62C2C086C790041462D /* SearchBar.swift */ = {isa = PBXFileReference; lastKnownFileType = sourcecode.swift; path = SearchBar.swift; sourceTree = "<group>"; };
/* End PBXFileReference section */

/* Begin PBXFrameworksBuildPhase section */
		48CF61872BEA99B100691E2A /* Frameworks */ = {
			isa = PBXFrameworksBuildPhase;
			buildActionMask = 2147483647;
			files = (
				48FAE6332C086F2F0041462D /* Alamofire in Frameworks */,
				48FAE63A2C086FCC0041462D /* FirebaseFirestore in Frameworks */,
				4861ECD32C1B72EC0064EDFC /* InteractiveMap in Frameworks */,
				48FAE63E2C086FCC0041462D /* FirebaseStorage in Frameworks */,
				48FAE6382C086FCC0041462D /* FirebaseAuth in Frameworks */,
				48FAE63C2C086FCC0041462D /* FirebaseFirestoreSwift in Frameworks */,
			);
			runOnlyForDeploymentPostprocessing = 0;
		};
/* End PBXFrameworksBuildPhase section */

/* Begin PBXGroup section */
		48C272742BECB86C00FEF91B /* Features */ = {
			isa = PBXGroup;
			children = (
				48FAE5D82BFCA4790041462D /* Authentication */,
				48C272822BECBAF300FEF91B /* CountriesList */,
				48C2727E2BECBAB800FEF91B /* CountryInformation */,
				48C2727D2BECBA9500FEF91B /* TravelDiary */,
				48C272772BECB8B200FEF91B /* TravelMapAndDiaryList */,
			);
			path = Features;
			sourceTree = "<group>";
		};
		48C272752BECB89200FEF91B /* Helpers */ = {
			isa = PBXGroup;
			children = (
				48CF61A22BEA9B5500691E2A /* CountryRepository.swift */,
				48FAE6032BFE7E450041462D /* CountryInformationRepository.swift */,
			);
			path = Helpers;
			sourceTree = "<group>";
		};
		48C272772BECB8B200FEF91B /* TravelMapAndDiaryList */ = {
			isa = PBXGroup;
			children = (
				48C272802BECBAD400FEF91B /* ViewModel */,
				48C2727F2BECBAC800FEF91B /* Views */,
			);
			path = TravelMapAndDiaryList;
			sourceTree = "<group>";
		};
		48C2727D2BECBA9500FEF91B /* TravelDiary */ = {
			isa = PBXGroup;
			children = (
				48FAE6132BFF5E7D0041462D /* Models */,
				48FAE6122BFF5E770041462D /* ViewModel */,
				48FAE6112BFF5E6F0041462D /* Views */,
			);
			path = TravelDiary;
			sourceTree = "<group>";
		};
		48C2727E2BECBAB800FEF91B /* CountryInformation */ = {
			isa = PBXGroup;
			children = (
				48FAE5FC2BFE77110041462D /* Models */,
				48FAE5FB2BFE770B0041462D /* Views */,
				48FAE5FA2BFE77030041462D /* ViewModel */,
			);
			path = CountryInformation;
			sourceTree = "<group>";
		};
		48C2727F2BECBAC800FEF91B /* Views */ = {
			isa = PBXGroup;
			children = (
				48C272C42BEF46E500FEF91B /* TravelMapView.swift */,
				48FAE6262BFFD7E90041462D /* ProgressBar.swift */,
				48FAE6282BFFDCF50041462D /* CustomBackButton.swift */,
			);
			path = Views;
			sourceTree = "<group>";
		};
		48C272802BECBAD400FEF91B /* ViewModel */ = {
			isa = PBXGroup;
			children = (
				48CF61A92BEA9E0100691E2A /* TravelViewModel.swift */,
			);
			path = ViewModel;
			sourceTree = "<group>";
		};
		48C272822BECBAF300FEF91B /* CountriesList */ = {
			isa = PBXGroup;
			children = (
				48FAE5F52BFDFE390041462D /* Views */,
				48FAE5F42BFDFE2E0041462D /* ViewModel */,
				48FAE5F32BFDFE260041462D /* Models */,
			);
			path = CountriesList;
			sourceTree = "<group>";
		};
		48CF61812BEA99B100691E2A = {
			isa = PBXGroup;
			children = (
				48CF618C2BEA99B100691E2A /* Roamer */,
				48CF618B2BEA99B100691E2A /* Products */,
			);
			sourceTree = "<group>";
		};
		48CF618B2BEA99B100691E2A /* Products */ = {
			isa = PBXGroup;
			children = (
				48CF618A2BEA99B100691E2A /* Roamer.app */,
			);
			name = Products;
			sourceTree = "<group>";
		};
		48CF618C2BEA99B100691E2A /* Roamer */ = {
			isa = PBXGroup;
			children = (
				48C2727B2BECBA6C00FEF91B /* world-low.svg */,
				48C272752BECB89200FEF91B /* Helpers */,
				48C272742BECB86C00FEF91B /* Features */,
				48CF618D2BEA99B100691E2A /* RoamerApp.swift */,
				48CF618F2BEA99B100691E2A /* ContentView.swift */,
				48CF61912BEA99B300691E2A /* Assets.xcassets */,
				48FAE5E32BFCD9A90041462D /* GoogleService-Info.plist */,
				48CF61932BEA99B300691E2A /* Preview Content */,
			);
			path = Roamer;
			sourceTree = "<group>";
		};
		48CF61932BEA99B300691E2A /* Preview Content */ = {
			isa = PBXGroup;
			children = (
				48CF61942BEA99B300691E2A /* Preview Assets.xcassets */,
			);
			path = "Preview Content";
			sourceTree = "<group>";
		};
		48FAE5D82BFCA4790041462D /* Authentication */ = {
			isa = PBXGroup;
			children = (
				48FAE5F22BFCFDED0041462D /* Models */,
				48FAE5F12BFCFDE60041462D /* ViewModel */,
				48FAE5F02BFCFDE00041462D /* Views */,
			);
			path = Authentication;
			sourceTree = "<group>";
		};
		48FAE5F02BFCFDE00041462D /* Views */ = {
			isa = PBXGroup;
			children = (
				48FAE5DF2BFCB0AC0041462D /* ProfileView.swift */,
				48FAE5DD2BFCAC9E0041462D /* RegistrationView.swift */,
				48FAE5DB2BFCA74C0041462D /* InputView.swift */,
				48FAE5D92BFCA5740041462D /* LoginView.swift */,
			);
			path = Views;
			sourceTree = "<group>";
		};
		48FAE5F12BFCFDE60041462D /* ViewModel */ = {
			isa = PBXGroup;
			children = (
				48FAE5EE2BFCEADC0041462D /* AuthViewModel.swift */,
			);
			path = ViewModel;
			sourceTree = "<group>";
		};
		48FAE5F22BFCFDED0041462D /* Models */ = {
			isa = PBXGroup;
			children = (
				48FAE5E12BFCD5550041462D /* User.swift */,
				4861ECCF2C1B6BA90064EDFC /* CustimError.swift */,
			);
			path = Models;
			sourceTree = "<group>";
		};
		48FAE5F32BFDFE260041462D /* Models */ = {
			isa = PBXGroup;
			children = (
				48FAE5FD2BFE77310041462D /* CountryResponse.swift */,
			);
			path = Models;
			sourceTree = "<group>";
		};
		48FAE5F42BFDFE2E0041462D /* ViewModel */ = {
			isa = PBXGroup;
			children = (
				48FAE5F82BFDFF3B0041462D /* CountriesViewModel.swift */,
			);
			path = ViewModel;
			sourceTree = "<group>";
		};
		48FAE5F52BFDFE390041462D /* Views */ = {
			isa = PBXGroup;
			children = (
				48FAE5F62BFDFE640041462D /* AddCountryView.swift */,
				48FAE62C2C086C790041462D /* SearchBar.swift */,
			);
			path = Views;
			sourceTree = "<group>";
		};
		48FAE5FA2BFE77030041462D /* ViewModel */ = {
			isa = PBXGroup;
			children = (
				48FAE6012BFE78E30041462D /* CountryInformationViewModel.swift */,
				48FAE60D2BFF4FA60041462D /* GeocodingViewModel.swift */,
			);
			path = ViewModel;
			sourceTree = "<group>";
		};
		48FAE5FB2BFE770B0041462D /* Views */ = {
			isa = PBXGroup;
			children = (
				48FAE5FF2BFE789F0041462D /* ConutryInformationListView.swift */,
				48FAE6072BFF43030041462D /* RegionScrollView.swift */,
				48FAE6092BFF43400041462D /* CountryDetailView.swift */,
				48FAE60B2BFF43600041462D /* CountryView.swift */,
				48FAE60F2BFF4FCF0041462D /* MapView.swift */,
			);
			path = Views;
			sourceTree = "<group>";
		};
		48FAE5FC2BFE77110041462D /* Models */ = {
			isa = PBXGroup;
			children = (
				48FAE6052BFF347B0041462D /* CountryInformation.swift */,
			);
			path = Models;
			sourceTree = "<group>";
		};
		48FAE6112BFF5E6F0041462D /* Views */ = {
			isa = PBXGroup;
			children = (
				48FAE6142BFF5E950041462D /* DiaryInputView.swift */,
				48FAE6202BFFA0CA0041462D /* ImagePicker.swift */,
				48FAE61A2BFF6F380041462D /* TravelListView.swift */,
				48FAE61C2BFF88B70041462D /* TravelDetailView.swift */,
				48FAE61E2BFF89AB0041462D /* TravelRowView.swift */,
				48FAE6222BFFA0FC0041462D /* TextView.swift */,
				48FAE6242BFFBF880041462D /* accessCameraView.swift */,
				48FAE62A2C071D0D0041462D /* EditDiaryView.swift */,
			);
			path = Views;
			sourceTree = "<group>";
		};
		48FAE6122BFF5E770041462D /* ViewModel */ = {
			isa = PBXGroup;
			children = (
				48FAE6162BFF6EDD0041462D /* TravelDiaryViewModel.swift */,
			);
			path = ViewModel;
			sourceTree = "<group>";
		};
		48FAE6132BFF5E7D0041462D /* Models */ = {
			isa = PBXGroup;
			children = (
				48FAE6182BFF6F110041462D /* Travel.swift */,
			);
			path = Models;
			sourceTree = "<group>";
		};
/* End PBXGroup section */

/* Begin PBXNativeTarget section */
		48CF61892BEA99B100691E2A /* Roamer */ = {
			isa = PBXNativeTarget;
			buildConfigurationList = 48CF61982BEA99B300691E2A /* Build configuration list for PBXNativeTarget "Roamer" */;
			buildPhases = (
				48CF61862BEA99B100691E2A /* Sources */,
				48CF61872BEA99B100691E2A /* Frameworks */,
				48CF61882BEA99B100691E2A /* Resources */,
				48C272AB2BECC27C00FEF91B /* Embed Frameworks */,
			);
			buildRules = (
			);
			dependencies = (
				48C272AD2BECC2D600FEF91B /* PBXTargetDependency */,
				48C272AF2BECC2D600FEF91B /* PBXTargetDependency */,
			);
			name = Roamer;
			packageProductDependencies = (
				48FAE6322C086F2F0041462D /* Alamofire */,
				48FAE6372C086FCC0041462D /* FirebaseAuth */,
				48FAE6392C086FCC0041462D /* FirebaseFirestore */,
				48FAE63B2C086FCC0041462D /* FirebaseFirestoreSwift */,
				48FAE63D2C086FCC0041462D /* FirebaseStorage */,
				4861ECD22C1B72EC0064EDFC /* InteractiveMap */,
			);
			productName = Roamer;
			productReference = 48CF618A2BEA99B100691E2A /* Roamer.app */;
			productType = "com.apple.product-type.application";
		};
/* End PBXNativeTarget section */

/* Begin PBXProject section */
		48CF61822BEA99B100691E2A /* Project object */ = {
			isa = PBXProject;
			attributes = {
				BuildIndependentTargetsInParallel = 1;
				LastSwiftUpdateCheck = 1530;
				LastUpgradeCheck = 1530;
				TargetAttributes = {
					48CF61892BEA99B100691E2A = {
						CreatedOnToolsVersion = 15.3;
					};
				};
			};
			buildConfigurationList = 48CF61852BEA99B100691E2A /* Build configuration list for PBXProject "Roamer" */;
			compatibilityVersion = "Xcode 14.0";
			developmentRegion = en;
			hasScannedForEncodings = 0;
			knownRegions = (
				en,
				Base,
			);
			mainGroup = 48CF61812BEA99B100691E2A;
			packageReferences = (
				48FAE6312C086F2F0041462D /* XCRemoteSwiftPackageReference "Alamofire" */,
				48FAE6362C086FCC0041462D /* XCRemoteSwiftPackageReference "firebase-ios-sdk" */,
				4861ECD12C1B72EC0064EDFC /* XCRemoteSwiftPackageReference "InteractiveMap" */,
			);
			productRefGroup = 48CF618B2BEA99B100691E2A /* Products */;
			projectDirPath = "";
			projectRoot = "";
			targets = (
				48CF61892BEA99B100691E2A /* Roamer */,
			);
		};
/* End PBXProject section */

/* Begin PBXResourcesBuildPhase section */
		48CF61882BEA99B100691E2A /* Resources */ = {
			isa = PBXResourcesBuildPhase;
			buildActionMask = 2147483647;
			files = (
				48CF61952BEA99B300691E2A /* Preview Assets.xcassets in Resources */,
				48FAE5E42BFCD9A90041462D /* GoogleService-Info.plist in Resources */,
				48CF61922BEA99B300691E2A /* Assets.xcassets in Resources */,
				48C2727C2BECBA6C00FEF91B /* world-low.svg in Resources */,
			);
			runOnlyForDeploymentPostprocessing = 0;
		};
/* End PBXResourcesBuildPhase section */

/* Begin PBXSourcesBuildPhase section */
		48CF61862BEA99B100691E2A /* Sources */ = {
			isa = PBXSourcesBuildPhase;
			buildActionMask = 2147483647;
			files = (
				48FAE5DA2BFCA5740041462D /* LoginView.swift in Sources */,
				48FAE6272BFFD7E90041462D /* ProgressBar.swift in Sources */,
				48FAE61D2BFF88B70041462D /* TravelDetailView.swift in Sources */,
				48FAE6042BFE7E450041462D /* CountryInformationRepository.swift in Sources */,
				48FAE5FE2BFE77310041462D /* CountryResponse.swift in Sources */,
				48FAE62D2C086C790041462D /* SearchBar.swift in Sources */,
				48FAE6172BFF6EDD0041462D /* TravelDiaryViewModel.swift in Sources */,
				48FAE6152BFF5E950041462D /* DiaryInputView.swift in Sources */,
				48FAE6062BFF347B0041462D /* CountryInformation.swift in Sources */,
				48FAE6252BFFBF890041462D /* accessCameraView.swift in Sources */,
				48FAE60A2BFF43400041462D /* CountryDetailView.swift in Sources */,
				48FAE61B2BFF6F380041462D /* TravelListView.swift in Sources */,
				48FAE5DC2BFCA74C0041462D /* InputView.swift in Sources */,
				48FAE61F2BFF89AB0041462D /* TravelRowView.swift in Sources */,
				48FAE6232BFFA0FC0041462D /* TextView.swift in Sources */,
				48C272C52BEF46E500FEF91B /* TravelMapView.swift in Sources */,
				48CF61AA2BEA9E0100691E2A /* TravelViewModel.swift in Sources */,
				48CF61902BEA99B100691E2A /* ContentView.swift in Sources */,
				48FAE6102BFF4FD00041462D /* MapView.swift in Sources */,
				48FAE62B2C071D0D0041462D /* EditDiaryView.swift in Sources */,
				48FAE6022BFE78E30041462D /* CountryInformationViewModel.swift in Sources */,
				48FAE6192BFF6F110041462D /* Travel.swift in Sources */,
				48FAE60E2BFF4FA60041462D /* GeocodingViewModel.swift in Sources */,
				48CF61A32BEA9B5500691E2A /* CountryRepository.swift in Sources */,
				48CF618E2BEA99B100691E2A /* RoamerApp.swift in Sources */,
				48FAE60C2BFF43600041462D /* CountryView.swift in Sources */,
				48FAE5EF2BFCEADC0041462D /* AuthViewModel.swift in Sources */,
				48FAE6292BFFDCF50041462D /* CustomBackButton.swift in Sources */,
				48FAE5E02BFCB0AC0041462D /* ProfileView.swift in Sources */,
				48FAE5E22BFCD5550041462D /* User.swift in Sources */,
				48FAE5DE2BFCAC9E0041462D /* RegistrationView.swift in Sources */,
				4861ECD02C1B6BA90064EDFC /* CustimError.swift in Sources */,
				48FAE6082BFF43030041462D /* RegionScrollView.swift in Sources */,
				48FAE6002BFE789F0041462D /* ConutryInformationListView.swift in Sources */,
				48FAE6212BFFA0CA0041462D /* ImagePicker.swift in Sources */,
				48FAE5F92BFDFF3B0041462D /* CountriesViewModel.swift in Sources */,
				48FAE5F72BFDFE640041462D /* AddCountryView.swift in Sources */,
			);
			runOnlyForDeploymentPostprocessing = 0;
		};
/* End PBXSourcesBuildPhase section */

/* Begin PBXTargetDependency section */
		48C272AD2BECC2D600FEF91B /* PBXTargetDependency */ = {
			isa = PBXTargetDependency;
			productRef = 48C272AC2BECC2D600FEF91B /* InteractiveMap */;
		};
		48C272AF2BECC2D600FEF91B /* PBXTargetDependency */ = {
			isa = PBXTargetDependency;
			productRef = 48C272AE2BECC2D600FEF91B /* Alamofire */;
		};
/* End PBXTargetDependency section */

/* Begin XCBuildConfiguration section */
		48CF61962BEA99B300691E2A /* Debug */ = {
			isa = XCBuildConfiguration;
			buildSettings = {
				ALWAYS_SEARCH_USER_PATHS = NO;
				ASSETCATALOG_COMPILER_GENERATE_SWIFT_ASSET_SYMBOL_EXTENSIONS = YES;
				CLANG_ANALYZER_NONNULL = YES;
				CLANG_ANALYZER_NUMBER_OBJECT_CONVERSION = YES_AGGRESSIVE;
				CLANG_CXX_LANGUAGE_STANDARD = "gnu++20";
				CLANG_ENABLE_MODULES = YES;
				CLANG_ENABLE_OBJC_ARC = YES;
				CLANG_ENABLE_OBJC_WEAK = YES;
				CLANG_WARN_BLOCK_CAPTURE_AUTORELEASING = YES;
				CLANG_WARN_BOOL_CONVERSION = YES;
				CLANG_WARN_COMMA = YES;
				CLANG_WARN_CONSTANT_CONVERSION = YES;
				CLANG_WARN_DEPRECATED_OBJC_IMPLEMENTATIONS = YES;
				CLANG_WARN_DIRECT_OBJC_ISA_USAGE = YES_ERROR;
				CLANG_WARN_DOCUMENTATION_COMMENTS = YES;
				CLANG_WARN_EMPTY_BODY = YES;
				CLANG_WARN_ENUM_CONVERSION = YES;
				CLANG_WARN_INFINITE_RECURSION = YES;
				CLANG_WARN_INT_CONVERSION = YES;
				CLANG_WARN_NON_LITERAL_NULL_CONVERSION = YES;
				CLANG_WARN_OBJC_IMPLICIT_RETAIN_SELF = YES;
				CLANG_WARN_OBJC_LITERAL_CONVERSION = YES;
				CLANG_WARN_OBJC_ROOT_CLASS = YES_ERROR;
				CLANG_WARN_QUOTED_INCLUDE_IN_FRAMEWORK_HEADER = YES;
				CLANG_WARN_RANGE_LOOP_ANALYSIS = YES;
				CLANG_WARN_STRICT_PROTOTYPES = YES;
				CLANG_WARN_SUSPICIOUS_MOVE = YES;
				CLANG_WARN_UNGUARDED_AVAILABILITY = YES_AGGRESSIVE;
				CLANG_WARN_UNREACHABLE_CODE = YES;
				CLANG_WARN__DUPLICATE_METHOD_MATCH = YES;
				COPY_PHASE_STRIP = NO;
				DEBUG_INFORMATION_FORMAT = dwarf;
				ENABLE_STRICT_OBJC_MSGSEND = YES;
				ENABLE_TESTABILITY = YES;
				ENABLE_USER_SCRIPT_SANDBOXING = YES;
				GCC_C_LANGUAGE_STANDARD = gnu17;
				GCC_DYNAMIC_NO_PIC = NO;
				GCC_NO_COMMON_BLOCKS = YES;
				GCC_OPTIMIZATION_LEVEL = 0;
				GCC_PREPROCESSOR_DEFINITIONS = (
					"DEBUG=1",
					"$(inherited)",
				);
				GCC_WARN_64_TO_32_BIT_CONVERSION = YES;
				GCC_WARN_ABOUT_RETURN_TYPE = YES_ERROR;
				GCC_WARN_UNDECLARED_SELECTOR = YES;
				GCC_WARN_UNINITIALIZED_AUTOS = YES_AGGRESSIVE;
				GCC_WARN_UNUSED_FUNCTION = YES;
				GCC_WARN_UNUSED_VARIABLE = YES;
				IPHONEOS_DEPLOYMENT_TARGET = 17.4;
				LOCALIZATION_PREFERS_STRING_CATALOGS = YES;
				MTL_ENABLE_DEBUG_INFO = INCLUDE_SOURCE;
				MTL_FAST_MATH = YES;
				ONLY_ACTIVE_ARCH = YES;
				SDKROOT = iphoneos;
				SWIFT_ACTIVE_COMPILATION_CONDITIONS = "DEBUG $(inherited)";
				SWIFT_OPTIMIZATION_LEVEL = "-Onone";
			};
			name = Debug;
		};
		48CF61972BEA99B300691E2A /* Release */ = {
			isa = XCBuildConfiguration;
			buildSettings = {
				ALWAYS_SEARCH_USER_PATHS = NO;
				ASSETCATALOG_COMPILER_GENERATE_SWIFT_ASSET_SYMBOL_EXTENSIONS = YES;
				CLANG_ANALYZER_NONNULL = YES;
				CLANG_ANALYZER_NUMBER_OBJECT_CONVERSION = YES_AGGRESSIVE;
				CLANG_CXX_LANGUAGE_STANDARD = "gnu++20";
				CLANG_ENABLE_MODULES = YES;
				CLANG_ENABLE_OBJC_ARC = YES;
				CLANG_ENABLE_OBJC_WEAK = YES;
				CLANG_WARN_BLOCK_CAPTURE_AUTORELEASING = YES;
				CLANG_WARN_BOOL_CONVERSION = YES;
				CLANG_WARN_COMMA = YES;
				CLANG_WARN_CONSTANT_CONVERSION = YES;
				CLANG_WARN_DEPRECATED_OBJC_IMPLEMENTATIONS = YES;
				CLANG_WARN_DIRECT_OBJC_ISA_USAGE = YES_ERROR;
				CLANG_WARN_DOCUMENTATION_COMMENTS = YES;
				CLANG_WARN_EMPTY_BODY = YES;
				CLANG_WARN_ENUM_CONVERSION = YES;
				CLANG_WARN_INFINITE_RECURSION = YES;
				CLANG_WARN_INT_CONVERSION = YES;
				CLANG_WARN_NON_LITERAL_NULL_CONVERSION = YES;
				CLANG_WARN_OBJC_IMPLICIT_RETAIN_SELF = YES;
				CLANG_WARN_OBJC_LITERAL_CONVERSION = YES;
				CLANG_WARN_OBJC_ROOT_CLASS = YES_ERROR;
				CLANG_WARN_QUOTED_INCLUDE_IN_FRAMEWORK_HEADER = YES;
				CLANG_WARN_RANGE_LOOP_ANALYSIS = YES;
				CLANG_WARN_STRICT_PROTOTYPES = YES;
				CLANG_WARN_SUSPICIOUS_MOVE = YES;
				CLANG_WARN_UNGUARDED_AVAILABILITY = YES_AGGRESSIVE;
				CLANG_WARN_UNREACHABLE_CODE = YES;
				CLANG_WARN__DUPLICATE_METHOD_MATCH = YES;
				COPY_PHASE_STRIP = NO;
				DEBUG_INFORMATION_FORMAT = "dwarf-with-dsym";
				ENABLE_NS_ASSERTIONS = NO;
				ENABLE_STRICT_OBJC_MSGSEND = YES;
				ENABLE_USER_SCRIPT_SANDBOXING = YES;
				GCC_C_LANGUAGE_STANDARD = gnu17;
				GCC_NO_COMMON_BLOCKS = YES;
				GCC_WARN_64_TO_32_BIT_CONVERSION = YES;
				GCC_WARN_ABOUT_RETURN_TYPE = YES_ERROR;
				GCC_WARN_UNDECLARED_SELECTOR = YES;
				GCC_WARN_UNINITIALIZED_AUTOS = YES_AGGRESSIVE;
				GCC_WARN_UNUSED_FUNCTION = YES;
				GCC_WARN_UNUSED_VARIABLE = YES;
				IPHONEOS_DEPLOYMENT_TARGET = 17.4;
				LOCALIZATION_PREFERS_STRING_CATALOGS = YES;
				MTL_ENABLE_DEBUG_INFO = NO;
				MTL_FAST_MATH = YES;
				SDKROOT = iphoneos;
				SWIFT_COMPILATION_MODE = wholemodule;
				VALIDATE_PRODUCT = YES;
			};
			name = Release;
		};
		48CF61992BEA99B300691E2A /* Debug */ = {
			isa = XCBuildConfiguration;
			buildSettings = {
				ASSETCATALOG_COMPILER_APPICON_NAME = AppIcon;
				ASSETCATALOG_COMPILER_GLOBAL_ACCENT_COLOR_NAME = AccentColor;
				CODE_SIGN_IDENTITY = "Apple Development";
				CODE_SIGN_STYLE = Automatic;
				CURRENT_PROJECT_VERSION = 1;
				DEVELOPMENT_ASSET_PATHS = "\"Roamer/Preview Content\"";
				DEVELOPMENT_TEAM = 85HY74LC9S;
				ENABLE_PREVIEWS = YES;
				GENERATE_INFOPLIST_FILE = YES;
				INFOPLIST_KEY_NSCameraUsageDescription = "This app needs camera usage.";
				INFOPLIST_KEY_UIApplicationSceneManifest_Generation = YES;
				INFOPLIST_KEY_UIApplicationSupportsIndirectInputEvents = YES;
				INFOPLIST_KEY_UILaunchScreen_Generation = YES;
				INFOPLIST_KEY_UISupportedInterfaceOrientations_iPad = "UIInterfaceOrientationPortrait UIInterfaceOrientationPortraitUpsideDown UIInterfaceOrientationLandscapeLeft UIInterfaceOrientationLandscapeRight";
				INFOPLIST_KEY_UISupportedInterfaceOrientations_iPhone = "UIInterfaceOrientationPortrait UIInterfaceOrientationLandscapeLeft UIInterfaceOrientationLandscapeRight";
				LD_RUNPATH_SEARCH_PATHS = (
					"$(inherited)",
					"@executable_path/Frameworks",
				);
				MARKETING_VERSION = 1.0;
				NEW_SETTING = "";
				PRODUCT_BUNDLE_IDENTIFIER = "hr.dice.ivona-perko.Roamer";
				PRODUCT_NAME = "$(TARGET_NAME)";
				PROVISIONING_PROFILE_SPECIFIER = "";
				SWIFT_EMIT_LOC_STRINGS = YES;
				SWIFT_VERSION = 5.0;
				TARGETED_DEVICE_FAMILY = "1,2";
			};
			name = Debug;
		};
		48CF619A2BEA99B300691E2A /* Release */ = {
			isa = XCBuildConfiguration;
			buildSettings = {
				ASSETCATALOG_COMPILER_APPICON_NAME = AppIcon;
				ASSETCATALOG_COMPILER_GLOBAL_ACCENT_COLOR_NAME = AccentColor;
				CODE_SIGN_IDENTITY = "Apple Development";
				CODE_SIGN_STYLE = Automatic;
				CURRENT_PROJECT_VERSION = 1;
				DEVELOPMENT_ASSET_PATHS = "\"Roamer/Preview Content\"";
				DEVELOPMENT_TEAM = 85HY74LC9S;
				ENABLE_PREVIEWS = YES;
				GENERATE_INFOPLIST_FILE = YES;
				INFOPLIST_KEY_NSCameraUsageDescription = "This app needs camera usage.";
				INFOPLIST_KEY_UIApplicationSceneManifest_Generation = YES;
				INFOPLIST_KEY_UIApplicationSupportsIndirectInputEvents = YES;
				INFOPLIST_KEY_UILaunchScreen_Generation = YES;
				INFOPLIST_KEY_UISupportedInterfaceOrientations_iPad = "UIInterfaceOrientationPortrait UIInterfaceOrientationPortraitUpsideDown UIInterfaceOrientationLandscapeLeft UIInterfaceOrientationLandscapeRight";
				INFOPLIST_KEY_UISupportedInterfaceOrientations_iPhone = "UIInterfaceOrientationPortrait UIInterfaceOrientationLandscapeLeft UIInterfaceOrientationLandscapeRight";
				LD_RUNPATH_SEARCH_PATHS = (
					"$(inherited)",
					"@executable_path/Frameworks",
				);
				MARKETING_VERSION = 1.0;
				NEW_SETTING = "";
				PRODUCT_BUNDLE_IDENTIFIER = "hr.dice.ivona-perko.Roamer";
				PRODUCT_NAME = "$(TARGET_NAME)";
				PROVISIONING_PROFILE_SPECIFIER = "";
				SWIFT_EMIT_LOC_STRINGS = YES;
				SWIFT_VERSION = 5.0;
				TARGETED_DEVICE_FAMILY = "1,2";
			};
			name = Release;
		};
/* End XCBuildConfiguration section */

/* Begin XCConfigurationList section */
		48CF61852BEA99B100691E2A /* Build configuration list for PBXProject "Roamer" */ = {
			isa = XCConfigurationList;
			buildConfigurations = (
				48CF61962BEA99B300691E2A /* Debug */,
				48CF61972BEA99B300691E2A /* Release */,
			);
			defaultConfigurationIsVisible = 0;
			defaultConfigurationName = Release;
		};
		48CF61982BEA99B300691E2A /* Build configuration list for PBXNativeTarget "Roamer" */ = {
			isa = XCConfigurationList;
			buildConfigurations = (
				48CF61992BEA99B300691E2A /* Debug */,
				48CF619A2BEA99B300691E2A /* Release */,
			);
			defaultConfigurationIsVisible = 0;
			defaultConfigurationName = Release;
		};
/* End XCConfigurationList section */

/* Begin XCRemoteSwiftPackageReference section */
		4861ECD12C1B72EC0064EDFC /* XCRemoteSwiftPackageReference "InteractiveMap" */ = {
			isa = XCRemoteSwiftPackageReference;
			repositoryURL = "https://github.com/GrandSir/InteractiveMap";
			requirement = {
				branch = main;
				kind = branch;
			};
		};
		48C2729F2BECC24600FEF91B /* XCRemoteSwiftPackageReference "Alamofire" */ = {
			isa = XCRemoteSwiftPackageReference;
			repositoryURL = "https://github.com/Alamofire/Alamofire.git";
			requirement = {
				kind = upToNextMajorVersion;
				minimumVersion = 5.9.1;
			};
		};
		48CF619B2BEA9A4F00691E2A /* XCRemoteSwiftPackageReference "InteractiveMap" */ = {
			isa = XCRemoteSwiftPackageReference;
			repositoryURL = "https://github.com/GrandSir/InteractiveMap";
			requirement = {
				branch = main;
				kind = branch;
			};
		};
		48FAE6312C086F2F0041462D /* XCRemoteSwiftPackageReference "Alamofire" */ = {
			isa = XCRemoteSwiftPackageReference;
			repositoryURL = "https://github.com/Alamofire/Alamofire.git";
			requirement = {
				kind = upToNextMajorVersion;
				minimumVersion = 5.9.1;
			};
		};
		48FAE6362C086FCC0041462D /* XCRemoteSwiftPackageReference "firebase-ios-sdk" */ = {
			isa = XCRemoteSwiftPackageReference;
			repositoryURL = "https://github.com/firebase/firebase-ios-sdk";
			requirement = {
				kind = upToNextMajorVersion;
				minimumVersion = 10.27.0;
			};
		};
/* End XCRemoteSwiftPackageReference section */

/* Begin XCSwiftPackageProductDependency section */
		4861ECD22C1B72EC0064EDFC /* InteractiveMap */ = {
			isa = XCSwiftPackageProductDependency;
			package = 4861ECD12C1B72EC0064EDFC /* XCRemoteSwiftPackageReference "InteractiveMap" */;
			productName = InteractiveMap;
		};
		48C272AC2BECC2D600FEF91B /* InteractiveMap */ = {
			isa = XCSwiftPackageProductDependency;
			package = 48CF619B2BEA9A4F00691E2A /* XCRemoteSwiftPackageReference "InteractiveMap" */;
			productName = InteractiveMap;
		};
		48C272AE2BECC2D600FEF91B /* Alamofire */ = {
			isa = XCSwiftPackageProductDependency;
			package = 48C2729F2BECC24600FEF91B /* XCRemoteSwiftPackageReference "Alamofire" */;
			productName = Alamofire;
		};
		48FAE6322C086F2F0041462D /* Alamofire */ = {
			isa = XCSwiftPackageProductDependency;
			package = 48FAE6312C086F2F0041462D /* XCRemoteSwiftPackageReference "Alamofire" */;
			productName = Alamofire;
		};
		48FAE6372C086FCC0041462D /* FirebaseAuth */ = {
			isa = XCSwiftPackageProductDependency;
			package = 48FAE6362C086FCC0041462D /* XCRemoteSwiftPackageReference "firebase-ios-sdk" */;
			productName = FirebaseAuth;
		};
		48FAE6392C086FCC0041462D /* FirebaseFirestore */ = {
			isa = XCSwiftPackageProductDependency;
			package = 48FAE6362C086FCC0041462D /* XCRemoteSwiftPackageReference "firebase-ios-sdk" */;
			productName = FirebaseFirestore;
		};
		48FAE63B2C086FCC0041462D /* FirebaseFirestoreSwift */ = {
			isa = XCSwiftPackageProductDependency;
			package = 48FAE6362C086FCC0041462D /* XCRemoteSwiftPackageReference "firebase-ios-sdk" */;
			productName = FirebaseFirestoreSwift;
		};
		48FAE63D2C086FCC0041462D /* FirebaseStorage */ = {
			isa = XCSwiftPackageProductDependency;
			package = 48FAE6362C086FCC0041462D /* XCRemoteSwiftPackageReference "firebase-ios-sdk" */;
			productName = FirebaseStorage;
		};
/* End XCSwiftPackageProductDependency section */
	};
	rootObject = 48CF61822BEA99B100691E2A /* Project object */;
}
